
Microsoft Visual Studio Solution File, Format Version 12.00
# Visual Studio Version 17
VisualStudioVersion = 17.11.35327.3
MinimumVisualStudioVersion = 10.0.40219.1
Project("{9A19103F-16F7-4668-BE54-9A1E7A4F7556}") = "Calculator", "Calculator\Calculator.csproj", "{F6FE9772-7E42-4E9B-912A-376CC252332B}"
EndProject
Project("{9A19103F-16F7-4668-BE54-9A1E7A4F7556}") = "Calculator.Core", "Calculator.Core\Calculator.Core.csproj", "{8B98610C-524B-4FBD-8FDB-5783EB3B3508}"
EndProject
Global
	GlobalSection(SolutionConfigurationPlatforms) = preSolution
		Debug|Any CPU = Debug|Any CPU
		Debug|arm64 = Debug|arm64
		Debug|x64 = Debug|x64
		Debug|x86 = Debug|x86
		Release|Any CPU = Release|Any CPU
		Release|arm64 = Release|arm64
		Release|x64 = Release|x64
		Release|x86 = Release|x86
	EndGlobalSection
	GlobalSection(ProjectConfigurationPlatforms) = postSolution
		{F6FE9772-7E42-4E9B-912A-376CC252332B}.Debug|Any CPU.ActiveCfg = Debug|x64
		{F6FE9772-7E42-4E9B-912A-376CC252332B}.Debug|Any CPU.Build.0 = Debug|x64
		{F6FE9772-7E42-4E9B-912A-376CC252332B}.Debug|Any CPU.Deploy.0 = Debug|x64
		{F6FE9772-7E42-4E9B-912A-376CC252332B}.Debug|arm64.ActiveCfg = Debug|arm64
		{F6FE9772-7E42-4E9B-912A-376CC252332B}.Debug|arm64.Build.0 = Debug|arm64
		{F6FE9772-7E42-4E9B-912A-376CC252332B}.Debug|arm64.Deploy.0 = Debug|arm64
		{F6FE9772-7E42-4E9B-912A-376CC252332B}.Debug|x64.ActiveCfg = Debug|x64
		{F6FE9772-7E42-4E9B-912A-376CC252332B}.Debug|x64.Build.0 = Debug|x64
		{F6FE9772-7E42-4E9B-912A-376CC252332B}.Debug|x64.Deploy.0 = Debug|x64
		{F6FE9772-7E42-4E9B-912A-376CC252332B}.Debug|x86.ActiveCfg = Debug|x86
		{F6FE9772-7E42-4E9B-912A-376CC252332B}.Debug|x86.Build.0 = Debug|x86
		{F6FE9772-7E42-4E9B-912A-376CC252332B}.Debug|x86.Deploy.0 = Debug|x86
		{F6FE9772-7E42-4E9B-912A-376CC252332B}.Release|Any CPU.ActiveCfg = Release|x64
		{F6FE9772-7E42-4E9B-912A-376CC252332B}.Release|Any CPU.Build.0 = Release|x64
		{F6FE9772-7E42-4E9B-912A-376CC252332B}.Release|Any CPU.Deploy.0 = Release|x64
		{F6FE9772-7E42-4E9B-912A-376CC252332B}.Release|arm64.ActiveCfg = Release|arm64
		{F6FE9772-7E42-4E9B-912A-376CC252332B}.Release|arm64.Build.0 = Release|arm64
		{F6FE9772-7E42-4E9B-912A-376CC252332B}.Release|arm64.Deploy.0 = Release|arm64
		{F6FE9772-7E42-4E9B-912A-376CC252332B}.Release|x64.ActiveCfg = Release|x64
		{F6FE9772-7E42-4E9B-912A-376CC252332B}.Release|x64.Build.0 = Release|x64
		{F6FE9772-7E42-4E9B-912A-376CC252332B}.Release|x64.Deploy.0 = Release|x64
		{F6FE9772-7E42-4E9B-912A-376CC252332B}.Release|x86.ActiveCfg = Release|x86
		{F6FE9772-7E42-4E9B-912A-376CC252332B}.Release|x86.Build.0 = Release|x86
		{F6FE9772-7E42-4E9B-912A-376CC252332B}.Release|x86.Deploy.0 = Release|x86
		{8B98610C-524B-4FBD-8FDB-5783EB3B3508}.Debug|Any CPU.ActiveCfg = Debug|Any CPU
		{8B98610C-524B-4FBD-8FDB-5783EB3B3508}.Debug|Any CPU.Build.0 = Debug|Any CPU
		{8B98610C-524B-4FBD-8FDB-5783EB3B3508}.Debug|arm64.ActiveCfg = Debug|arm64
		{8B98610C-524B-4FBD-8FDB-5783EB3B3508}.Debug|arm64.Build.0 = Debug|arm64
		{8B98610C-524B-4FBD-8FDB-5783EB3B3508}.Debug|x64.ActiveCfg = Debug|x64
		{8B98610C-524B-4FBD-8FDB-5783EB3B3508}.Debug|x64.Build.0 = Debug|x64
		{8B98610C-524B-4FBD-8FDB-5783EB3B3508}.Debug|x86.ActiveCfg = Debug|x86
		{8B98610C-524B-4FBD-8FDB-5783EB3B3508}.Debug|x86.Build.0 = Debug|x86
		{8B98610C-524B-4FBD-8FDB-5783EB3B3508}.Release|Any CPU.ActiveCfg = Release|Any CPU
		{8B98610C-524B-4FBD-8FDB-5783EB3B3508}.Release|Any CPU.Build.0 = Release|Any CPU
		{8B98610C-524B-4FBD-8FDB-5783EB3B3508}.Release|arm64.ActiveCfg = Release|arm64
		{8B98610C-524B-4FBD-8FDB-5783EB3B3508}.Release|arm64.Build.0 = Release|arm64
		{8B98610C-524B-4FBD-8FDB-5783EB3B3508}.Release|x64.ActiveCfg = Release|x64
		{8B98610C-524B-4FBD-8FDB-5783EB3B3508}.Release|x64.Build.0 = Release|x64
		{8B98610C-524B-4FBD-8FDB-5783EB3B3508}.Release|x86.ActiveCfg = Release|x86
		{8B98610C-524B-4FBD-8FDB-5783EB3B3508}.Release|x86.Build.0 = Release|x86
	EndGlobalSection
	GlobalSection(SolutionProperties) = preSolution
		HideSolutionNode = FALSE
	EndGlobalSection
	GlobalSection(ExtensibilityGlobals) = postSolution
		SolutionGuid = {2BB2400B-B440-4C0F-AAD5-53C5B57E9131}
	EndGlobalSection
EndGlobal
